{
  "name": "exer-05-creating-web-servers-using-express-js-catrinahadi",
  "version": "1.0.0",
  "lockfileVersion": 3,
  "requires": true,
  "packages": {
    "": {
      "name": "exer-05-creating-web-servers-using-express-js-catrinahadi",
      "version": "1.0.0",
      "license": "ISC"
    }
  }
}
